Microsoft Visual Studio Solution File, Format Version 12.00
# Visual Studio Version 17
VisualStudioVersion = 17.10.34912.131
MinimumVisualStudioVersion = 10.0.40219.1
Project("{FAE04EC0-301F-11D3-BF4B-00C04F79EFBC}") = "MultiFormTemplate_Minimal", "MultiFormTemplate_Minimal.csproj", "{B43781CC-2A7C-4157-B70A-6F1CD4C9471D}"
EndProject
Global
	GlobalSection(SolutionConfigurationPlatforms) = preSolution
		Debug|Any CPU = Debug|Any CPU
		Release|Any CPU = Release|Any CPU
	EndGlobalSection
	GlobalSection(ProjectConfigurationPlatforms) = postSolution
		{B43781CC-2A7C-4157-B70A-6F1CD4C9471D}.Debug|Any CPU.ActiveCfg = Debug|Any CPU
		{B43781CC-2A7C-4157-B70A-6F1CD4C9471D}.Debug|Any CPU.Build.0 = Debug|Any CPU
		{B43781CC-2A7C-4157-B70A-6F1CD4C9471D}.Release|Any CPU.ActiveCfg = Release|Any CPU
		{B43781CC-2A7C-4157-B70A-6F1CD4C9471D}.Release|Any CPU.Build.0 = Release|Any CPU
	EndGlobalSection
	GlobalSection(SolutionProperties) = preSolution
		HideSolutionNode = FALSE
	EndGlobalSection
EndGlobal
